
Microsoft Visual Studio Solution File, Format Version 12.00
Project("{FAE04EC0-301F-11D3-BF4B-00C04F79EFBC}") = "FoodFair", "FoodFair\FoodFair.csproj", "{8DC2E214-D270-4990-A4C9-FBF672350457}"
EndProject
Global
	GlobalSection(SolutionConfigurationPlatforms) = preSolution
		Debug|Any CPU = Debug|Any CPU
		Release|Any CPU = Release|Any CPU
	EndGlobalSection
	GlobalSection(ProjectConfigurationPlatforms) = postSolution
		{8DC2E214-D270-4990-A4C9-FBF672350457}.Debug|Any CPU.ActiveCfg = Debug|Any CPU
		{8DC2E214-D270-4990-A4C9-FBF672350457}.Debug|Any CPU.Build.0 = Debug|Any CPU
		{8DC2E214-D270-4990-A4C9-FBF672350457}.Release|Any CPU.ActiveCfg = Release|Any CPU
		{8DC2E214-D270-4990-A4C9-FBF672350457}.Release|Any CPU.Build.0 = Release|Any CPU
	EndGlobalSection
EndGlobal
